
Microsoft Visual Studio Solution File, Format Version 12.00
# Visual Studio Version 17
VisualStudioVersion = 17.0.31903.59
MinimumVisualStudioVersion = 10.0.40219.1
Project("{2150E333-8FDC-42A3-9474-1A3956D46DE8}") = "src", "src", "{82B68246-4FDC-47C3-BD1D-4A6141A00C23}"
EndProject
Project("{FAE04EC0-301F-11D3-BF4B-00C04F79EFBC}") = "ExileEye", "src\ExileEye\ExileEye.csproj", "{DCCB0003-0AEC-4E2B-BD86-F84B09070437}"
EndProject
Project("{FAE04EC0-301F-11D3-BF4B-00C04F79EFBC}") = "ExileEye.Tests", "src\ExileEye.Tests\ExileEye.Tests.csproj", "{B8DBCDE5-722B-4496-BCE7-3B71D939CE49}"
EndProject
Global
	GlobalSection(SolutionConfigurationPlatforms) = preSolution
		Debug|Any CPU = Debug|Any CPU
		Release|Any CPU = Release|Any CPU
	EndGlobalSection
	GlobalSection(SolutionProperties) = preSolution
		HideSolutionNode = FALSE
	EndGlobalSection
	GlobalSection(ProjectConfigurationPlatforms) = postSolution
		{DCCB0003-0AEC-4E2B-BD86-F84B09070437}.Debug|Any CPU.ActiveCfg = Debug|Any CPU
		{DCCB0003-0AEC-4E2B-BD86-F84B09070437}.Debug|Any CPU.Build.0 = Debug|Any CPU
		{DCCB0003-0AEC-4E2B-BD86-F84B09070437}.Release|Any CPU.ActiveCfg = Release|Any CPU
		{DCCB0003-0AEC-4E2B-BD86-F84B09070437}.Release|Any CPU.Build.0 = Release|Any CPU
		{B8DBCDE5-722B-4496-BCE7-3B71D939CE49}.Debug|Any CPU.ActiveCfg = Debug|Any CPU
		{B8DBCDE5-722B-4496-BCE7-3B71D939CE49}.Debug|Any CPU.Build.0 = Debug|Any CPU
		{B8DBCDE5-722B-4496-BCE7-3B71D939CE49}.Release|Any CPU.ActiveCfg = Release|Any CPU
		{B8DBCDE5-722B-4496-BCE7-3B71D939CE49}.Release|Any CPU.Build.0 = Release|Any CPU
	EndGlobalSection
	GlobalSection(NestedProjects) = preSolution
		{DCCB0003-0AEC-4E2B-BD86-F84B09070437} = {82B68246-4FDC-47C3-BD1D-4A6141A00C23}
		{B8DBCDE5-722B-4496-BCE7-3B71D939CE49} = {82B68246-4FDC-47C3-BD1D-4A6141A00C23}
	EndGlobalSection
EndGlobal
